
Microsoft Visual Studio Solution File, Format Version 12.00
# Visual Studio Version 17
VisualStudioVersion = 17.8.34330.188
MinimumVisualStudioVersion = 10.0.40219.1
Project("{9A19103F-16F7-4668-BE54-9A1E7A4F7556}") = "Homework_2", "..\Homeworks\Homework_2\Homework_2.csproj", "{530D37E5-878F-4163-868D-0E5ACA3970E4}"
EndProject
Project("{9A19103F-16F7-4668-BE54-9A1E7A4F7556}") = "Homework_1", "..\Homeworks\Homework_1\Homework_1.csproj", "{7D19C143-CCD4-455A-9C36-11E3702EE674}"
EndProject
Project("{FAE04EC0-301F-11D3-BF4B-00C04F79EFBC}") = "Homework_3", "Homework_3\Homework_3.csproj", "{44D78165-C13B-4097-A8B3-970330E0F8D9}"
EndProject
Project("{2150E333-8FDC-42A3-9474-1A3956D46DE8}") = "Lections", "Lections", "{0FD3BE63-6864-4A9C-A68A-B3822DFCF7B2}"
EndProject
Project("{9A19103F-16F7-4668-BE54-9A1E7A4F7556}") = "Lection_1", "Lection_1\Lection_1.csproj", "{D1F45B5A-C4CE-4F4A-8B15-0D805C14153E}"
EndProject
Project("{FAE04EC0-301F-11D3-BF4B-00C04F79EFBC}") = "Homework_4", "Homework_4\Homework_4.csproj", "{EA3D331A-8AFF-423A-9BBD-3986C8D2CCC8}"
EndProject
Project("{FAE04EC0-301F-11D3-BF4B-00C04F79EFBC}") = "Homework_5", "Homework_5\Homework_5.csproj", "{66F12B0C-EC85-486F-A7C7-D54880D00CE1}"
EndProject
Project("{FAE04EC0-301F-11D3-BF4B-00C04F79EFBC}") = "WpfApp1", "WpfApp1\WpfApp1.csproj", "{76B38CE8-A567-4B0E-8DD0-6589C7B4A908}"
EndProject
Global
	GlobalSection(SolutionConfigurationPlatforms) = preSolution
		Debug|Any CPU = Debug|Any CPU
		Release|Any CPU = Release|Any CPU
	EndGlobalSection
	GlobalSection(ProjectConfigurationPlatforms) = postSolution
		{530D37E5-878F-4163-868D-0E5ACA3970E4}.Debug|Any CPU.ActiveCfg = Debug|Any CPU
		{530D37E5-878F-4163-868D-0E5ACA3970E4}.Debug|Any CPU.Build.0 = Debug|Any CPU
		{530D37E5-878F-4163-868D-0E5ACA3970E4}.Release|Any CPU.ActiveCfg = Release|Any CPU
		{530D37E5-878F-4163-868D-0E5ACA3970E4}.Release|Any CPU.Build.0 = Release|Any CPU
		{7D19C143-CCD4-455A-9C36-11E3702EE674}.Debug|Any CPU.ActiveCfg = Debug|Any CPU
		{7D19C143-CCD4-455A-9C36-11E3702EE674}.Debug|Any CPU.Build.0 = Debug|Any CPU
		{7D19C143-CCD4-455A-9C36-11E3702EE674}.Release|Any CPU.ActiveCfg = Release|Any CPU
		{7D19C143-CCD4-455A-9C36-11E3702EE674}.Release|Any CPU.Build.0 = Release|Any CPU
		{44D78165-C13B-4097-A8B3-970330E0F8D9}.Debug|Any CPU.ActiveCfg = Debug|Any CPU
		{44D78165-C13B-4097-A8B3-970330E0F8D9}.Debug|Any CPU.Build.0 = Debug|Any CPU
		{44D78165-C13B-4097-A8B3-970330E0F8D9}.Release|Any CPU.ActiveCfg = Release|Any CPU
		{44D78165-C13B-4097-A8B3-970330E0F8D9}.Release|Any CPU.Build.0 = Release|Any CPU
		{D1F45B5A-C4CE-4F4A-8B15-0D805C14153E}.Debug|Any CPU.ActiveCfg = Debug|Any CPU
		{D1F45B5A-C4CE-4F4A-8B15-0D805C14153E}.Debug|Any CPU.Build.0 = Debug|Any CPU
		{D1F45B5A-C4CE-4F4A-8B15-0D805C14153E}.Release|Any CPU.ActiveCfg = Release|Any CPU
		{D1F45B5A-C4CE-4F4A-8B15-0D805C14153E}.Release|Any CPU.Build.0 = Release|Any CPU
		{EA3D331A-8AFF-423A-9BBD-3986C8D2CCC8}.Debug|Any CPU.ActiveCfg = Debug|Any CPU
		{EA3D331A-8AFF-423A-9BBD-3986C8D2CCC8}.Debug|Any CPU.Build.0 = Debug|Any CPU
		{EA3D331A-8AFF-423A-9BBD-3986C8D2CCC8}.Release|Any CPU.ActiveCfg = Release|Any CPU
		{EA3D331A-8AFF-423A-9BBD-3986C8D2CCC8}.Release|Any CPU.Build.0 = Release|Any CPU
		{66F12B0C-EC85-486F-A7C7-D54880D00CE1}.Debug|Any CPU.ActiveCfg = Debug|Any CPU
		{66F12B0C-EC85-486F-A7C7-D54880D00CE1}.Debug|Any CPU.Build.0 = Debug|Any CPU
		{66F12B0C-EC85-486F-A7C7-D54880D00CE1}.Release|Any CPU.ActiveCfg = Release|Any CPU
		{66F12B0C-EC85-486F-A7C7-D54880D00CE1}.Release|Any CPU.Build.0 = Release|Any CPU
		{76B38CE8-A567-4B0E-8DD0-6589C7B4A908}.Debug|Any CPU.ActiveCfg = Debug|Any CPU
		{76B38CE8-A567-4B0E-8DD0-6589C7B4A908}.Debug|Any CPU.Build.0 = Debug|Any CPU
		{76B38CE8-A567-4B0E-8DD0-6589C7B4A908}.Release|Any CPU.ActiveCfg = Release|Any CPU
		{76B38CE8-A567-4B0E-8DD0-6589C7B4A908}.Release|Any CPU.Build.0 = Release|Any CPU
	EndGlobalSection
	GlobalSection(SolutionProperties) = preSolution
		HideSolutionNode = FALSE
	EndGlobalSection
	GlobalSection(NestedProjects) = preSolution
		{D1F45B5A-C4CE-4F4A-8B15-0D805C14153E} = {0FD3BE63-6864-4A9C-A68A-B3822DFCF7B2}
	EndGlobalSection
	GlobalSection(ExtensibilityGlobals) = postSolution
		SolutionGuid = {DF6AF84F-B733-46C3-9061-FEABB54B5AC4}
	EndGlobalSection
EndGlobal
